PODS:
  - JKDataHelper (0.1.1)
  - JKRouter (0.2.1):
    - JKDataHelper
  - Masonry (1.1.0)

DEPENDENCIES:
  - JKDataHelper
  - JKRouter (from `../`)
  - Masonry

EXTERNAL SOURCES:
  JKRouter:
    :path: ../

SPEC CHECKSUMS:
  JKDataHelper: 957a08d46063146733ae220e67e9e517b0895cca
  JKRouter: fb21c0c6f1c15f67dc16c84c3495e9bcee27f32c
  Masonry: 678fab65091a9290e40e2832a55e7ab731aad201

PODFILE CHECKSUM: d48cb70fd8cd64e94a1d633b7249a69dbe8d6eb8

COCOAPODS: 1.3.1
