PODS:
  - JKDataHelper (0.1.1)
  - JKRouter (0.1.0):
    - JKDataHelper

DEPENDENCIES:
  - JKDataHelper
  - JKRouter (from `../`)

EXTERNAL SOURCES:
  JKRouter:
    :path: "../"

SPEC CHECKSUMS:
  JKDataHelper: 957a08d46063146733ae220e67e9e517b0895cca
  JKRouter: a9ae6b1ad4aa93fa1c4a6a15b4892c406bf8441a

PODFILE CHECKSUM: ff0410b9d1cba10eaed30ca0b50d8592d84ff93e

COCOAPODS: 1.1.1
